{
  "version": 4,
  "terraform_version": "1.6.3",
  "serial": 4,
  "lineage": "3b5419ce-c108-4b7e-8f7f-4f7ef578ce61",
  "outputs": {
    "backend_public_ip": {
      "value": "54.85.38.123",
      "type": "string"
    },
    "frontend_public_ip": {
      "value": "52.20.212.232",
      "type": "string"
    }
  },
  "resources": [
    {
      "mode": "managed",
      "type": "aws_instance",
      "name": "backend",
      "provider": "provider[\"registry.terraform.io/hashicorp/aws\"]",
      "instances": [
        {
          "schema_version": 1,
          "attributes": {
            "ami": "ami-0fc5d935ebf8bc3bc",
            "arn": "arn:aws:ec2:us-east-1:432624721970:instance/i-014f6a5594acdabf8",
            "associate_public_ip_address": true,
            "availability_zone": "us-east-1a",
            "capacity_reservation_specification": [
              {
                "capacity_reservation_preference": "open",
                "capacity_reservation_target": []
              }
            ],
            "cpu_core_count": 1,
            "cpu_options": [
              {
                "amd_sev_snp": "",
                "core_count": 1,
                "threads_per_core": 1
              }
            ],
            "cpu_threads_per_core": 1,
            "credit_specification": [
              {
                "cpu_credits": "standard"
              }
            ],
            "disable_api_stop": false,
            "disable_api_termination": false,
            "ebs_block_device": [],
            "ebs_optimized": false,
            "enclave_options": [
              {
                "enabled": false
              }
            ],
            "ephemeral_block_device": [],
            "get_password_data": false,
            "hibernation": false,
            "host_id": "",
            "host_resource_group_arn": null,
            "iam_instance_profile": "",
            "id": "i-014f6a5594acdabf8",
            "instance_initiated_shutdown_behavior": "stop",
            "instance_lifecycle": "",
            "instance_market_options": [],
            "instance_state": "running",
            "instance_type": "t2.micro",
            "ipv6_address_count": 0,
            "ipv6_addresses": [],
            "key_name": "ubuntu-key",
            "launch_template": [],
            "maintenance_options": [
              {
                "auto_recovery": "default"
              }
            ],
            "metadata_options": [
              {
                "http_endpoint": "enabled",
                "http_protocol_ipv6": "disabled",
                "http_put_response_hop_limit": 1,
                "http_tokens": "optional",
                "instance_metadata_tags": "disabled"
              }
            ],
            "monitoring": false,
            "network_interface": [],
            "outpost_arn": "",
            "password_data": "",
            "placement_group": "",
            "placement_partition_number": 0,
            "primary_network_interface_id": "eni-0fbf4950d4609ab1f",
            "private_dns": "ip-172-31-23-185.ec2.internal",
            "private_dns_name_options": [
              {
                "enable_resource_name_dns_a_record": false,
                "enable_resource_name_dns_aaaa_record": false,
                "hostname_type": "ip-name"
              }
            ],
            "private_ip": "172.31.23.185",
            "public_dns": "ec2-54-85-38-123.compute-1.amazonaws.com",
            "public_ip": "54.85.38.123",
            "root_block_device": [
              {
                "delete_on_termination": true,
                "device_name": "/dev/sda1",
                "encrypted": false,
                "iops": 100,
                "kms_key_id": "",
                "tags": {},
                "throughput": 0,
                "volume_id": "vol-0ab892f325acc3143",
                "volume_size": 8,
                "volume_type": "gp2"
              }
            ],
            "secondary_private_ips": [],
            "security_groups": [
              "All Traffic"
            ],
            "source_dest_check": true,
            "spot_instance_request_id": "",
            "subnet_id": "subnet-0c8fd418db266da29",
            "tags": {
              "Name": "c8.local"
            },
            "tags_all": {
              "Name": "c8.local"
            },
            "tenancy": "default",
            "timeouts": null,
            "user_data": null,
            "user_data_base64": null,
            "user_data_replace_on_change": false,
            "volume_tags": null,
            "vpc_security_group_ids": [
              "sg-04cb5f715d70d6f35"
            ]
          },
          "sensitive_attributes": [],
          "private": "eyJlMmJmYjczMC1lY2FhLTExZTYtOGY4OC0zNDM2M2JjN2M0YzAiOnsiY3JlYXRlIjo2MDAwMDAwMDAwMDAsImRlbGV0ZSI6MTIwMDAwMDAwMDAwMCwidXBkYXRlIjo2MDAwMDAwMDAwMDB9LCJzY2hlbWFfdmVyc2lvbiI6IjEifQ=="
        }
      ]
    },
    {
      "mode": "managed",
      "type": "aws_instance",
      "name": "frontend",
      "provider": "provider[\"registry.terraform.io/hashicorp/aws\"]",
      "instances": [
        {
          "schema_version": 1,
          "attributes": {
            "ami": "ami-05c13eab67c5d8861",
            "arn": "arn:aws:ec2:us-east-1:432624721970:instance/i-01837fe8beba65933",
            "associate_public_ip_address": true,
            "availability_zone": "us-east-1a",
            "capacity_reservation_specification": [
              {
                "capacity_reservation_preference": "open",
                "capacity_reservation_target": []
              }
            ],
            "cpu_core_count": 1,
            "cpu_options": [
              {
                "amd_sev_snp": "",
                "core_count": 1,
                "threads_per_core": 1
              }
            ],
            "cpu_threads_per_core": 1,
            "credit_specification": [
              {
                "cpu_credits": "standard"
              }
            ],
            "disable_api_stop": false,
            "disable_api_termination": false,
            "ebs_block_device": [],
            "ebs_optimized": false,
            "enclave_options": [
              {
                "enabled": false
              }
            ],
            "ephemeral_block_device": [],
            "get_password_data": false,
            "hibernation": false,
            "host_id": "",
            "host_resource_group_arn": null,
            "iam_instance_profile": "",
            "id": "i-01837fe8beba65933",
            "instance_initiated_shutdown_behavior": "stop",
            "instance_lifecycle": "",
            "instance_market_options": [],
            "instance_state": "running",
            "instance_type": "t2.micro",
            "ipv6_address_count": 0,
            "ipv6_addresses": [],
            "key_name": "linux",
            "launch_template": [],
            "maintenance_options": [
              {
                "auto_recovery": "default"
              }
            ],
            "metadata_options": [
              {
                "http_endpoint": "enabled",
                "http_protocol_ipv6": "disabled",
                "http_put_response_hop_limit": 2,
                "http_tokens": "required",
                "instance_metadata_tags": "disabled"
              }
            ],
            "monitoring": false,
            "network_interface": [],
            "outpost_arn": "",
            "password_data": "",
            "placement_group": "",
            "placement_partition_number": 0,
            "primary_network_interface_id": "eni-09629e176a393d06a",
            "private_dns": "ip-172-31-23-240.ec2.internal",
            "private_dns_name_options": [
              {
                "enable_resource_name_dns_a_record": false,
                "enable_resource_name_dns_aaaa_record": false,
                "hostname_type": "ip-name"
              }
            ],
            "private_ip": "172.31.23.240",
            "public_dns": "ec2-52-20-212-232.compute-1.amazonaws.com",
            "public_ip": "52.20.212.232",
            "root_block_device": [
              {
                "delete_on_termination": true,
                "device_name": "/dev/xvda",
                "encrypted": false,
                "iops": 3000,
                "kms_key_id": "",
                "tags": {},
                "throughput": 125,
                "volume_id": "vol-00e7ce98824faca85",
                "volume_size": 8,
                "volume_type": "gp3"
              }
            ],
            "secondary_private_ips": [],
            "security_groups": [
              "All Traffic"
            ],
            "source_dest_check": true,
            "spot_instance_request_id": "",
            "subnet_id": "subnet-0c8fd418db266da29",
            "tags": {
              "Name": "u21.local"
            },
            "tags_all": {
              "Name": "u21.local"
            },
            "tenancy": "default",
            "timeouts": null,
            "user_data": null,
            "user_data_base64": null,
            "user_data_replace_on_change": false,
            "volume_tags": null,
            "vpc_security_group_ids": [
              "sg-04cb5f715d70d6f35"
            ]
          },
          "sensitive_attributes": [],
          "private": "eyJlMmJmYjczMC1lY2FhLTExZTYtOGY4OC0zNDM2M2JjN2M0YzAiOnsiY3JlYXRlIjo2MDAwMDAwMDAwMDAsImRlbGV0ZSI6MTIwMDAwMDAwMDAwMCwidXBkYXRlIjo2MDAwMDAwMDAwMDB9LCJzY2hlbWFfdmVyc2lvbiI6IjEifQ=="
        }
      ]
    },
    {
      "module": "module.ansible_inv",
      "mode": "managed",
      "type": "local_file",
      "name": "ansible_inventory",
      "provider": "provider[\"registry.terraform.io/hashicorp/local\"]",
      "instances": [
        {
          "index_key": "yaml",
          "schema_version": 0,
          "attributes": {
            "content": "---\r\n\"all\":\n  \"children\":\n    \"aws\":\n      \"hosts\": {}\n      \"vars\": {}\n    \"azr\":\n      \"hosts\": {}\n      \"vars\": {}\n    \"backend\":\n      \"hosts\":\n        \"ip-172-31-23-185.ec2.internal\":\n          \"Name\": \"c8.local\"\n          \"ansible_host\": \"54.85.38.123\"\n      \"vars\":\n        \"interface\": \"private\"\n    \"frontend\":\n      \"hosts\":\n        \"ec2-52-20-212-232.compute-1.amazonaws.com\":\n          \"Name\": \"u21.local\"\n          \"ansible_host\": \"52.20.212.232\"\n      \"vars\":\n        \"interface\": \"public\"\n    \"gcp\":\n      \"hosts\": {}\n      \"vars\": {}\n    \"vsp\":\n      \"hosts\": {}\n      \"vars\": {}\n  \"hosts\": {}\n  \"vars\": {}\n\r\n",
            "content_base64": null,
            "content_base64sha256": "WMB1b7C/24s9U+yagviqT0klsyHce6tn87y8rMSvqDs=",
            "content_base64sha512": "xEjqrzyZRVRng9Py7ccOzWG3DpiFYtCRB4o08MHZl0TWqtSibmxhratx7mVXGnz4o5gbeUcdNeYzUqGDKDCF2Q==",
            "content_md5": "95eba8c9665dda83e9ffe29ece7878f7",
            "content_sha1": "01a08db3f93d4972eb37f6c8c94465f77caa394a",
            "content_sha256": "58c0756fb0bfdb8b3d53ec9a82f8aa4f4925b321dc7bab67f3bcbcacc4afa83b",
            "content_sha512": "c448eaaf3c9945546783d3f2edc70ecd61b70e988562d091078a34f0c1d99744d6aad4a26e6c61adab71ee65571a7cf8a3981b79471d35e63352a183283085d9",
            "directory_permission": "0777",
            "file_permission": "0644",
            "filename": "./inventory.yaml",
            "id": "01a08db3f93d4972eb37f6c8c94465f77caa394a",
            "sensitive_content": null,
            "source": null
          },
          "sensitive_attributes": [],
          "dependencies": [
            "aws_instance.backend",
            "aws_instance.frontend"
          ]
        }
      ]
    }
  ],
  "check_results": []
}
